Microsoft Visual Studio Solution File, Format Version 12.00
# Visual Studio Version 17
VisualStudioVersion = 17.5.2.0
MinimumVisualStudioVersion = 10.0.40219.1
Project("{2150E333-8FDC-42A3-9474-1A3956D46DE8}") = "experiments", "experiments", "{8E1D1CCC-9289-C849-48CA-D7E099D02B6F}"
EndProject
Project("{2150E333-8FDC-42A3-9474-1A3956D46DE8}") = "malbolge", "malbolge", "{1A3E909C-FEFA-905F-7720-72F8E042B65E}"
EndProject
Project("{2150E333-8FDC-42A3-9474-1A3956D46DE8}") = "net-translator", "net-translator", "{7080FE0B-B938-3014-8BC2-71E0E41411FC}"
EndProject
Project("{FAE04EC0-301F-11D3-BF4B-00C04F79EFBC}") = "MalbolgeMath", "experiments\malbolge\net-translator\MalbolgeMath.csproj", "{2CDE748B-6907-37E1-D512-35D6E35C7F0B}"
EndProject
Global
	GlobalSection(SolutionConfigurationPlatforms) = preSolution
		Debug|Any CPU = Debug|Any CPU
		Release|Any CPU = Release|Any CPU
	EndGlobalSection
	GlobalSection(ProjectConfigurationPlatforms) = postSolution
		{2CDE748B-6907-37E1-D512-35D6E35C7F0B}.Debug|Any CPU.ActiveCfg = Debug|Any CPU
		{2CDE748B-6907-37E1-D512-35D6E35C7F0B}.Debug|Any CPU.Build.0 = Debug|Any CPU
		{2CDE748B-6907-37E1-D512-35D6E35C7F0B}.Release|Any CPU.ActiveCfg = Release|Any CPU
		{2CDE748B-6907-37E1-D512-35D6E35C7F0B}.Release|Any CPU.Build.0 = Release|Any CPU
	EndGlobalSection
	GlobalSection(SolutionProperties) = preSolution
		HideSolutionNode = FALSE
	EndGlobalSection
	GlobalSection(NestedProjects) = preSolution
		{1A3E909C-FEFA-905F-7720-72F8E042B65E} = {8E1D1CCC-9289-C849-48CA-D7E099D02B6F}
		{7080FE0B-B938-3014-8BC2-71E0E41411FC} = {1A3E909C-FEFA-905F-7720-72F8E042B65E}
		{2CDE748B-6907-37E1-D512-35D6E35C7F0B} = {7080FE0B-B938-3014-8BC2-71E0E41411FC}
	EndGlobalSection
	GlobalSection(ExtensibilityGlobals) = postSolution
		SolutionGuid = {5C1BEF91-BC23-4A43-8052-3F5C3BE5D52E}
	EndGlobalSection
EndGlobal
